uuid: 818313b1-48b9-41fd-9ded-4c2256d8df7f
langcode: en
status: true
dependencies:
  module:
    - ctools
    - flippy
  theme:
    - mauticorg_base
id: flippyblock
theme: mauticorg_base
region: sidebar
weight: -13
provider: null
plugin: flippy_block
settings:
  id: flippy_block
  label: 'Flippy Block'
  label_display: '0'
  provider: flippy
visibility:
  'entity_bundle:node':
    id: 'entity_bundle:node'
    negate: false
    context_mapping:
      node: '@node.node_route_context:node'
    bundles:
      blog: blog
      landing_page: landing_page
